// !$*UTF8*$!
{
	archiveVersion = 1;
	classes = {
	};
	objectVersion = 46;
	objects = {

/* Begin PBXBuildFile section */
		C764D9711971C1E000E47B32 /* AppDelegate.swift in Sources */ = {isa = PBXBuildFile; fileRef = C764D9701971C1E000E47B32 /* AppDelegate.swift */; };
		C764D9781971C1E000E47B32 /* Images.xcassets in Resources */ = {isa = PBXBuildFile; fileRef = C764D9771971C1E000E47B32 /* Images.xcassets */; };
		C764D9841971C1E100E47B32 /* ReversePolishNotationTests.swift in Sources */ = {isa = PBXBuildFile; fileRef = C764D9831971C1E100E47B32 /* ReversePolishNotationTests.swift */; };
		C764D9901971C9E100E47B32 /* Calculator.swift in Sources */ = {isa = PBXBuildFile; fileRef = C764D98F1971C9E100E47B32 /* Calculator.swift */; };
		C764D9921971D01900E47B32 /* StringExtensions.swift in Sources */ = {isa = PBXBuildFile; fileRef = C764D9911971D01900E47B32 /* StringExtensions.swift */; };
		C764D99319730D2200E47B32 /* Calculator.swift in Sources */ = {isa = PBXBuildFile; fileRef = C764D98F1971C9E100E47B32 /* Calculator.swift */; };
		C764D99419730DDE00E47B32 /* StringExtensions.swift in Sources */ = {isa = PBXBuildFile; fileRef = C764D9911971D01900E47B32 /* StringExtensions.swift */; };
/* End PBXBuildFile section */

/* Begin PBXContainerItemProxy section */
		C764D97E1971C1E100E47B32 /* PBXContainerItemProxy */ = {
			isa = PBXContainerItemProxy;
			containerPortal = C764D9631971C1E000E47B32 /* Project object */;
			proxyType = 1;
			remoteGlobalIDString = C764D96A1971C1E000E47B32;
			remoteInfo = ReversePolishNotation;
		};
/* End PBXContainerItemProxy section */

/* Begin PBXFileReference section */
		C764D96B1971C1E000E47B32 /* ReversePolishNotation.app */ = {isa = PBXFileReference; explicitFileType = wrapper.application; includeInIndex = 0; path = ReversePolishNotation.app; sourceTree = BUILT_PRODUCTS_DIR; };
		C764D96F1971C1E000E47B32 /* Info.plist */ = {isa = PBXFileReference; lastKnownFileType = text.plist.xml; path = Info.plist; sourceTree = "<group>"; };
		C764D9701971C1E000E47B32 /* AppDelegate.swift */ = {isa = PBXFileReference; lastKnownFileType = sourcecode.swift; path = AppDelegate.swift; sourceTree = "<group>"; };
		C764D9771971C1E000E47B32 /* Images.xcassets */ = {isa = PBXFileReference; lastKnownFileType = folder.assetcatalog; path = Images.xcassets; sourceTree = "<group>"; };
		C764D97D1971C1E100E47B32 /* ReversePolishNotationTests.xctest */ = {isa = PBXFileReference; explicitFileType = wrapper.cfbundle; includeInIndex = 0; path = ReversePolishNotationTests.xctest; sourceTree = BUILT_PRODUCTS_DIR; };
		C764D9821971C1E100E47B32 /* Info.plist */ = {isa = PBXFileReference; lastKnownFileType = text.plist.xml; path = Info.plist; sourceTree = "<group>"; };
		C764D9831971C1E100E47B32 /* ReversePolishNotationTests.swift */ = {isa = PBXFileReference; lastKnownFileType = sourcecode.swift; path = ReversePolishNotationTests.swift; sourceTree = "<group>"; };
		C764D98F1971C9E100E47B32 /* Calculator.swift */ = {isa = PBXFileReference; fileEncoding = 4; lastKnownFileType = sourcecode.swift; path = Calculator.swift; sourceTree = "<group>"; };
		C764D9911971D01900E47B32 /* StringExtensions.swift */ = {isa = PBXFileReference; fileEncoding = 4; lastKnownFileType = sourcecode.swift; path = StringExtensions.swift; sourceTree = "<group>"; };
/* End PBXFileReference section */

/* Begin PBXFrameworksBuildPhase section */
		C764D9681971C1E000E47B32 /* Frameworks */ = {
			isa = PBXFrameworksBuildPhase;
			buildActionMask = 2147483647;
			files = (
			);
			runOnlyForDeploymentPostprocessing = 0;
		};
		C764D97A1971C1E100E47B32 /* Frameworks */ = {
			isa = PBXFrameworksBuildPhase;
			buildActionMask = 2147483647;
			files = (
			);
			runOnlyForDeploymentPostprocessing = 0;
		};
/* End PBXFrameworksBuildPhase section */

/* Begin PBXGroup section */
		C764D9621971C1E000E47B32 = {
			isa = PBXGroup;
			children = (
				C764D96D1971C1E000E47B32 /* ReversePolishNotation */,
				C764D9801971C1E100E47B32 /* ReversePolishNotationTests */,
				C764D96C1971C1E000E47B32 /* Products */,
			);
			sourceTree = "<group>";
		};
		C764D96C1971C1E000E47B32 /* Products */ = {
			isa = PBXGroup;
			children = (
				C764D96B1971C1E000E47B32 /* ReversePolishNotation.app */,
				C764D97D1971C1E100E47B32 /* ReversePolishNotationTests.xctest */,
			);
			name = Products;
			sourceTree = "<group>";
		};
		C764D96D1971C1E000E47B32 /* ReversePolishNotation */ = {
			isa = PBXGroup;
			children = (
				C764D9701971C1E000E47B32 /* AppDelegate.swift */,
				C764D98F1971C9E100E47B32 /* Calculator.swift */,
				C764D9911971D01900E47B32 /* StringExtensions.swift */,
				C764D9771971C1E000E47B32 /* Images.xcassets */,
				C764D96E1971C1E000E47B32 /* Supporting Files */,
			);
			path = ReversePolishNotation;
			sourceTree = "<group>";
		};
		C764D96E1971C1E000E47B32 /* Supporting Files */ = {
			isa = PBXGroup;
			children = (
				C764D96F1971C1E000E47B32 /* Info.plist */,
			);
			name = "Supporting Files";
			sourceTree = "<group>";
		};
		C764D9801971C1E100E47B32 /* ReversePolishNotationTests */ = {
			isa = PBXGroup;
			children = (
				C764D9831971C1E100E47B32 /* ReversePolishNotationTests.swift */,
				C764D9811971C1E100E47B32 /* Supporting Files */,
			);
			path = ReversePolishNotationTests;
			sourceTree = "<group>";
		};
		C764D9811971C1E100E47B32 /* Supporting Files */ = {
			isa = PBXGroup;
			children = (
				C764D9821971C1E100E47B32 /* Info.plist */,
			);
			name = "Supporting Files";
			sourceTree = "<group>";
		};
/* End PBXGroup section */

/* Begin PBXNativeTarget section */
		C764D96A1971C1E000E47B32 /* ReversePolishNotation */ = {
			isa = PBXNativeTarget;
			buildConfigurationList = C764D9871971C1E100E47B32 /* Build configuration list for PBXNativeTarget "ReversePolishNotation" */;
			buildPhases = (
				C764D9671971C1E000E47B32 /* Sources */,
				C764D9681971C1E000E47B32 /* Frameworks */,
				C764D9691971C1E000E47B32 /* Resources */,
			);
			buildRules = (
			);
			dependencies = (
			);
			name = ReversePolishNotation;
			productName = ReversePolishNotation;
			productReference = C764D96B1971C1E000E47B32 /* ReversePolishNotation.app */;
			productType = "com.apple.product-type.application";
		};
		C764D97C1971C1E100E47B32 /* ReversePolishNotationTests */ = {
			isa = PBXNativeTarget;
			buildConfigurationList = C764D98A1971C1E100E47B32 /* Build configuration list for PBXNativeTarget "ReversePolishNotationTests" */;
			buildPhases = (
				C764D9791971C1E100E47B32 /* Sources */,
				C764D97A1971C1E100E47B32 /* Frameworks */,
				C764D97B1971C1E100E47B32 /* Resources */,
			);
			buildRules = (
			);
			dependencies = (
				C764D97F1971C1E100E47B32 /* PBXTargetDependency */,
			);
			name = ReversePolishNotationTests;
			productName = ReversePolishNotationTests;
			productReference = C764D97D1971C1E100E47B32 /* ReversePolishNotationTests.xctest */;
			productType = "com.apple.product-type.bundle.unit-test";
		};
/* End PBXNativeTarget section */

/* Begin PBXProject section */
		C764D9631971C1E000E47B32 /* Project object */ = {
			isa = PBXProject;
			attributes = {
				LastUpgradeCheck = 0600;
				ORGANIZATIONNAME = RP;
				TargetAttributes = {
					C764D96A1971C1E000E47B32 = {
						CreatedOnToolsVersion = 6.0;
					};
					C764D97C1971C1E100E47B32 = {
						CreatedOnToolsVersion = 6.0;
						TestTargetID = C764D96A1971C1E000E47B32;
					};
				};
			};
			buildConfigurationList = C764D9661971C1E000E47B32 /* Build configuration list for PBXProject "ReversePolishNotation" */;
			compatibilityVersion = "Xcode 3.2";
			developmentRegion = English;
			hasScannedForEncodings = 0;
			knownRegions = (
				en,
				Base,
			);
			mainGroup = C764D9621971C1E000E47B32;
			productRefGroup = C764D96C1971C1E000E47B32 /* Products */;
			projectDirPath = "";
			projectRoot = "";
			targets = (
				C764D96A1971C1E000E47B32 /* ReversePolishNotation */,
				C764D97C1971C1E100E47B32 /* ReversePolishNotationTests */,
			);
		};
/* End PBXProject section */

/* Begin PBXResourcesBuildPhase section */
		C764D9691971C1E000E47B32 /* Resources */ = {
			isa = PBXResourcesBuildPhase;
			buildActionMask = 2147483647;
			files = (
				C764D9781971C1E000E47B32 /* Images.xcassets in Resources */,
			);
			runOnlyForDeploymentPostprocessing = 0;
		};
		C764D97B1971C1E100E47B32 /* Resources */ = {
			isa = PBXResourcesBuildPhase;
			buildActionMask = 2147483647;
			files = (
			);
			runOnlyForDeploymentPostprocessing = 0;
		};
/* End PBXResourcesBuildPhase section */

/* Begin PBXSourcesBuildPhase section */
		C764D9671971C1E000E47B32 /* Sources */ = {
			isa = PBXSourcesBuildPhase;
			buildActionMask = 2147483647;
			files = (
				C764D9921971D01900E47B32 /* StringExtensions.swift in Sources */,
				C764D9711971C1E000E47B32 /* AppDelegate.swift in Sources */,
				C764D9901971C9E100E47B32 /* Calculator.swift in Sources */,
			);
			runOnlyForDeploymentPostprocessing = 0;
		};
		C764D9791971C1E100E47B32 /* Sources */ = {
			isa = PBXSourcesBuildPhase;
			buildActionMask = 2147483647;
			files = (
				C764D99419730DDE00E47B32 /* StringExtensions.swift in Sources */,
				C764D9841971C1E100E47B32 /* ReversePolishNotationTests.swift in Sources */,
				C764D99319730D2200E47B32 /* Calculator.swift in Sources */,
			);
			runOnlyForDeploymentPostprocessing = 0;
		};
/* End PBXSourcesBuildPhase section */

/* Begin PBXTargetDependency section */
		C764D97F1971C1E100E47B32 /* PBXTargetDependency */ = {
			isa = PBXTargetDependency;
			target = C764D96A1971C1E000E47B32 /* ReversePolishNotation */;
			targetProxy = C764D97E1971C1E100E47B32 /* PBXContainerItemProxy */;
		};
/* End PBXTargetDependency section */

/* Begin XCBuildConfiguration section */
		C764D9851971C1E100E47B32 /* Debug */ = {
			isa = XCBuildConfiguration;
			buildSettings = {
				ALWAYS_SEARCH_USER_PATHS = NO;
				CLANG_CXX_LANGUAGE_STANDARD = "gnu++0x";
				CLANG_CXX_LIBRARY = "libc++";
				CLANG_ENABLE_MODULES = YES;
				CLANG_ENABLE_OBJC_ARC = YES;
				CLANG_WARN_BOOL_CONVERSION = YES;
				CLANG_WARN_CONSTANT_CONVERSION = YES;
				CLANG_WARN_DIRECT_OBJC_ISA_USAGE = YES_ERROR;
				CLANG_WARN_EMPTY_BODY = YES;
				CLANG_WARN_ENUM_CONVERSION = YES;
				CLANG_WARN_INT_CONVERSION = YES;
				CLANG_WARN_OBJC_ROOT_CLASS = YES_ERROR;
				CLANG_WARN_UNREACHABLE_CODE = YES;
				CLANG_WARN__DUPLICATE_METHOD_MATCH = YES;
				"CODE_SIGN_IDENTITY[sdk=iphoneos*]" = "iPhone Developer";
				COPY_PHASE_STRIP = NO;
				ENABLE_STRICT_OBJC_MSGSEND = YES;
				GCC_C_LANGUAGE_STANDARD = gnu99;
				GCC_DYNAMIC_NO_PIC = NO;
				GCC_OPTIMIZATION_LEVEL = 0;
				GCC_PREPROCESSOR_DEFINITIONS = (
					"DEBUG=1",
					"$(inherited)",
				);
				GCC_SYMBOLS_PRIVATE_EXTERN = NO;
				GCC_WARN_64_TO_32_BIT_CONVERSION = YES;
				GCC_WARN_ABOUT_RETURN_TYPE = YES_ERROR;
				GCC_WARN_UNDECLARED_SELECTOR = YES;
				GCC_WARN_UNINITIALIZED_AUTOS = YES_AGGRESSIVE;
				GCC_WARN_UNUSED_FUNCTION = YES;
				GCC_WARN_UNUSED_VARIABLE = YES;
				IPHONEOS_DEPLOYMENT_TARGET = 8.0;
				MTL_ENABLE_DEBUG_INFO = YES;
				ONLY_ACTIVE_ARCH = YES;
				SDKROOT = iphoneos;
				SWIFT_OPTIMIZATION_LEVEL = "-Onone";
			};
			name = Debug;
		};
		C764D9861971C1E100E47B32 /* Release */ = {
			isa = XCBuildConfiguration;
			buildSettings = {
				ALWAYS_SEARCH_USER_PATHS = NO;
				CLANG_CXX_LANGUAGE_STANDARD = "gnu++0x";
				CLANG_CXX_LIBRARY = "libc++";
				CLANG_ENABLE_MODULES = YES;
				CLANG_ENABLE_OBJC_ARC = YES;
				CLANG_WARN_BOOL_CONVERSION = YES;
				CLANG_WARN_CONSTANT_CONVERSION = YES;
				CLANG_WARN_DIRECT_OBJC_ISA_USAGE = YES_ERROR;
				CLANG_WARN_EMPTY_BODY = YES;
				CLANG_WARN_ENUM_CONVERSION = YES;
				CLANG_WARN_INT_CONVERSION = YES;
				CLANG_WARN_OBJC_ROOT_CLASS = YES_ERROR;
				CLANG_WARN_UNREACHABLE_CODE = YES;
				CLANG_WARN__DUPLICATE_METHOD_MATCH = YES;
				"CODE_SIGN_IDENTITY[sdk=iphoneos*]" = "iPhone Developer";
				COPY_PHASE_STRIP = YES;
				ENABLE_NS_ASSERTIONS = NO;
				ENABLE_STRICT_OBJC_MSGSEND = YES;
				GCC_C_LANGUAGE_STANDARD = gnu99;
				GCC_WARN_64_TO_32_BIT_CONVERSION = YES;
				GCC_WARN_ABOUT_RETURN_TYPE = YES_ERROR;
				GCC_WARN_UNDECLARED_SELECTOR = YES;
				GCC_WARN_UNINITIALIZED_AUTOS = YES_AGGRESSIVE;
				GCC_WARN_UNUSED_FUNCTION = YES;
				GCC_WARN_UNUSED_VARIABLE = YES;
				IPHONEOS_DEPLOYMENT_TARGET = 8.0;
				MTL_ENABLE_DEBUG_INFO = NO;
				SDKROOT = iphoneos;
				VALIDATE_PRODUCT = YES;
			};
			name = Release;
		};
		C764D9881971C1E100E47B32 /* Debug */ = {
			isa = XCBuildConfiguration;
			buildSettings = {
				ASSETCATALOG_COMPILER_APPICON_NAME = AppIcon;
				ASSETCATALOG_COMPILER_LAUNCHIMAGE_NAME = LaunchImage;
				INFOPLIST_FILE = ReversePolishNotation/Info.plist;
				LD_RUNPATH_SEARCH_PATHS = "$(inherited) @executable_path/Frameworks";
				PRODUCT_NAME = "$(TARGET_NAME)";
			};
			name = Debug;
		};
		C764D9891971C1E100E47B32 /* Release */ = {
			isa = XCBuildConfiguration;
			buildSettings = {
				ASSETCATALOG_COMPILER_APPICON_NAME = AppIcon;
				ASSETCATALOG_COMPILER_LAUNCHIMAGE_NAME = LaunchImage;
				INFOPLIST_FILE = ReversePolishNotation/Info.plist;
				LD_RUNPATH_SEARCH_PATHS = "$(inherited) @executable_path/Frameworks";
				PRODUCT_NAME = "$(TARGET_NAME)";
			};
			name = Release;
		};
		C764D98B1971C1E100E47B32 /* Debug */ = {
			isa = XCBuildConfiguration;
			buildSettings = {
				BUNDLE_LOADER = "$(BUILT_PRODUCTS_DIR)/ReversePolishNotation.app/ReversePolishNotation";
				FRAMEWORK_SEARCH_PATHS = (
					"$(SDKROOT)/Developer/Library/Frameworks",
					"$(inherited)",
				);
				GCC_PREPROCESSOR_DEFINITIONS = (
					"DEBUG=1",
					"$(inherited)",
				);
				INFOPLIST_FILE = ReversePolishNotationTests/Info.plist;
				LD_RUNPATH_SEARCH_PATHS = "$(inherited) @executable_path/Frameworks @loader_path/Frameworks";
				PRODUCT_NAME = "$(TARGET_NAME)";
				TEST_HOST = "$(BUNDLE_LOADER)";
			};
			name = Debug;
		};
		C764D98C1971C1E100E47B32 /* Release */ = {
			isa = XCBuildConfiguration;
			buildSettings = {
				BUNDLE_LOADER = "$(BUILT_PRODUCTS_DIR)/ReversePolishNotation.app/ReversePolishNotation";
				FRAMEWORK_SEARCH_PATHS = (
					"$(SDKROOT)/Developer/Library/Frameworks",
					"$(inherited)",
				);
				INFOPLIST_FILE = ReversePolishNotationTests/Info.plist;
				LD_RUNPATH_SEARCH_PATHS = "$(inherited) @executable_path/Frameworks @loader_path/Frameworks";
				PRODUCT_NAME = "$(TARGET_NAME)";
				TEST_HOST = "$(BUNDLE_LOADER)";
			};
			name = Release;
		};
/* End XCBuildConfiguration section */

/* Begin XCConfigurationList section */
		C764D9661971C1E000E47B32 /* Build configuration list for PBXProject "ReversePolishNotation" */ = {
			isa = XCConfigurationList;
			buildConfigurations = (
				C764D9851971C1E100E47B32 /* Debug */,
				C764D9861971C1E100E47B32 /* Release */,
			);
			defaultConfigurationIsVisible = 0;
			defaultConfigurationName = Release;
		};
		C764D9871971C1E100E47B32 /* Build configuration list for PBXNativeTarget "ReversePolishNotation" */ = {
			isa = XCConfigurationList;
			buildConfigurations = (
				C764D9881971C1E100E47B32 /* Debug */,
				C764D9891971C1E100E47B32 /* Release */,
			);
			defaultConfigurationIsVisible = 0;
			defaultConfigurationName = Release;
		};
		C764D98A1971C1E100E47B32 /* Build configuration list for PBXNativeTarget "ReversePolishNotationTests" */ = {
			isa = XCConfigurationList;
			buildConfigurations = (
				C764D98B1971C1E100E47B32 /* Debug */,
				C764D98C1971C1E100E47B32 /* Release */,
			);
			defaultConfigurationIsVisible = 0;
			defaultConfigurationName = Release;
		};
/* End XCConfigurationList section */
	};
	rootObject = C764D9631971C1E000E47B32 /* Project object */;
}
